{
  "version": 4,
  "terraform_version": "1.15.4",
  "serial": 6,
  "lineage": "5cee0d7a-0640-89e8-b453-d53a1e74e0fe",
  "outputs": {
    "ds_jt_name": {
      "value": "ap-demo-jt-05290835",
      "type": "string"
    },
    "ds_jt_status": {
      "value": "successful",
      "type": "string"
    },
    "host_id": {
      "value": "108",
      "type": "string"
    },
    "inventory_id": {
      "value": "151",
      "type": "string"
    },
    "job_template_id": {
      "value": "112",
      "type": "string"
    },
    "org_id": {
      "value": "111",
      "type": "string"
    }
  },
  "resources": [
    {
      "mode": "data",
      "type": "dynamic_awx_job_template_ds",
      "name": "fixture",
      "provider": "provider[\"registry.terraform.io/hashi-demo-lab/dynamic\"]",
      "instances": [
        {
          "schema_version": 0,
          "attributes": {
            "description": "Demo job template",
            "id": "70",
            "inventory": 117,
            "job_type": "run",
            "last_job_run": "2026-05-29T09:43:35.050257Z",
            "name": "ap-demo-jt-05290835",
            "next_job_run": null,
            "playbook": "hello_world.yml",
            "project": 6,
            "status": "successful"
          },
          "sensitive_attributes": [],
          "identity_schema_version": 0
        }
      ]
    },
    {
      "mode": "managed",
      "type": "dynamic_awx_host",
      "name": "host",
      "provider": "provider[\"registry.terraform.io/hashi-demo-lab/dynamic\"]",
      "instances": [
        {
          "schema_version": 0,
          "attributes": {
            "description": "agentprovider eval r11 host via terraform",
            "enabled": true,
            "id": "108",
            "instance_id": "",
            "inventory": 151,
            "name": "apeval-r11-host-tf",
            "variables": ""
          },
          "sensitive_attributes": [],
          "identity_schema_version": 0,
          "dependencies": [
            "dynamic_awx_inventory.inv",
            "dynamic_awx_organization.org"
          ]
        }
      ]
    },
    {
      "mode": "managed",
      "type": "dynamic_awx_host",
      "name": "trigger_host",
      "provider": "provider[\"registry.terraform.io/hashi-demo-lab/dynamic\"]",
      "instances": [
        {
          "schema_version": 0,
          "attributes": {
            "description": "carries action triggers; sibling of action targets",
            "enabled": true,
            "id": "107",
            "instance_id": "",
            "inventory": 151,
            "name": "apeval-r11-trigger-tf",
            "variables": ""
          },
          "sensitive_attributes": [],
          "identity_schema_version": 0,
          "dependencies": [
            "dynamic_awx_inventory.inv",
            "dynamic_awx_organization.org"
          ]
        }
      ]
    },
    {
      "mode": "managed",
      "type": "dynamic_awx_inventory",
      "name": "inv",
      "provider": "provider[\"registry.terraform.io/hashi-demo-lab/dynamic\"]",
      "instances": [
        {
          "schema_version": 0,
          "attributes": {
            "description": "agentprovider eval r11 inventory via terraform",
            "host_filter": null,
            "id": "151",
            "kind": "",
            "name": "apeval-r11-inv-tf",
            "organization": 111,
            "prevent_instance_group_fallback": false,
            "variables": ""
          },
          "sensitive_attributes": [],
          "identity_schema_version": 0,
          "dependencies": [
            "dynamic_awx_organization.org"
          ]
        }
      ]
    },
    {
      "mode": "managed",
      "type": "dynamic_awx_job_template",
      "name": "jt",
      "provider": "provider[\"registry.terraform.io/hashi-demo-lab/dynamic\"]",
      "instances": [
        {
          "schema_version": 0,
          "attributes": {
            "allow_simultaneous": false,
            "ask_credential_on_launch": false,
            "ask_diff_mode_on_launch": false,
            "ask_execution_environment_on_launch": false,
            "ask_forks_on_launch": false,
            "ask_instance_groups_on_launch": false,
            "ask_inventory_on_launch": false,
            "ask_job_slice_count_on_launch": false,
            "ask_job_type_on_launch": false,
            "ask_labels_on_launch": false,
            "ask_limit_on_launch": false,
            "ask_scm_branch_on_launch": false,
            "ask_skip_tags_on_launch": false,
            "ask_tags_on_launch": false,
            "ask_timeout_on_launch": false,
            "ask_variables_on_launch": false,
            "ask_verbosity_on_launch": false,
            "become_enabled": false,
            "description": "agentprovider eval r11 job template via terraform",
            "diff_mode": false,
            "extra_vars": "",
            "force_handlers": false,
            "forks": 0,
            "host_config_key": "",
            "id": "112",
            "inventory": 151,
            "job_slice_count": 1,
            "job_tags": "",
            "job_type": "run",
            "limit": "",
            "name": "apeval-r11-jt-tf",
            "playbook": "hello_world.yml",
            "project": 6,
            "scm_branch": "",
            "skip_tags": "",
            "start_at_task": "",
            "survey_enabled": false,
            "timeout": 0,
            "use_fact_cache": false,
            "verbosity": 0
          },
          "sensitive_attributes": [],
          "identity_schema_version": 0,
          "dependencies": [
            "dynamic_awx_inventory.inv",
            "dynamic_awx_organization.org"
          ]
        }
      ]
    },
    {
      "mode": "managed",
      "type": "dynamic_awx_organization",
      "name": "org",
      "provider": "provider[\"registry.terraform.io/hashi-demo-lab/dynamic\"]",
      "instances": [
        {
          "schema_version": 0,
          "attributes": {
            "default_environment": null,
            "description": "agentprovider eval r11 org via terraform",
            "id": "111",
            "max_hosts": 0,
            "name": "apeval-r11-org-tf"
          },
          "sensitive_attributes": [],
          "identity_schema_version": 0
        }
      ]
    }
  ],
  "check_results": null
}
