{
  "version": 4,
  "terraform_version": "1.15.4",
  "serial": 9,
  "lineage": "477f5e62-b39b-d56e-010a-1c4dfd0aef79",
  "outputs": {
    "ds_jt_name": {
      "value": "ap-demo-jt-05290835",
      "type": "string"
    },
    "ds_jt_status": {
      "value": "successful",
      "type": "string"
    },
    "host_id": {
      "value": "112",
      "type": "string"
    },
    "inventory_id": {
      "value": "157",
      "type": "string"
    },
    "job_template_id": {
      "value": 114,
      "type": "number"
    },
    "org_id": {
      "value": 117,
      "type": "number"
    }
  },
  "resources": [
    {
      "mode": "data",
      "type": "dynamic_awx_job_template_ds",
      "name": "fixture",
      "provider": "provider[\"registry.terraform.io/hashi-demo-lab/dynamic\"]",
      "instances": [
        {
          "schema_version": 0,
          "attributes": {
            "allow_simultaneous": "false",
            "become_enabled": "false",
            "description": "Demo job template",
            "diff_mode": "false",
            "extra_vars": "",
            "forks": 0,
            "id": "70",
            "inventory": 117,
            "job_slice_count": 1,
            "job_tags": "",
            "job_type": "run",
            "limit": "",
            "name": "ap-demo-jt-05290835",
            "organization": 1,
            "playbook": "hello_world.yml",
            "project": 6,
            "scm_branch": "",
            "skip_tags": "",
            "status": "successful",
            "survey_enabled": "false",
            "timeout": 0,
            "verbosity": 0
          },
          "sensitive_attributes": [],
          "identity_schema_version": 0
        }
      ]
    },
    {
      "mode": "managed",
      "type": "dynamic_awx_host",
      "name": "host",
      "provider": "provider[\"registry.terraform.io/hashi-demo-lab/dynamic\"]",
      "instances": [
        {
          "schema_version": 0,
          "attributes": {
            "description": "fresh agentprovider build host via terraform",
            "enabled": true,
            "id": "112",
            "instance_id": "",
            "inventory": 157,
            "name": "apeval-fresh-host-tf",
            "variables": ""
          },
          "sensitive_attributes": [],
          "identity_schema_version": 0,
          "dependencies": [
            "dynamic_awx_inventory.inv",
            "dynamic_awx_organization.org"
          ]
        }
      ]
    },
    {
      "mode": "managed",
      "type": "dynamic_awx_host",
      "name": "trigger_host",
      "provider": "provider[\"registry.terraform.io/hashi-demo-lab/dynamic\"]",
      "instances": [
        {
          "schema_version": 0,
          "attributes": {
            "description": "carries action triggers; sibling of action targets",
            "enabled": true,
            "id": "114",
            "instance_id": "",
            "inventory": 157,
            "name": "apeval-fresh-trigger-tf",
            "variables": ""
          },
          "sensitive_attributes": [],
          "identity_schema_version": 0,
          "dependencies": [
            "dynamic_awx_inventory.inv",
            "dynamic_awx_organization.org"
          ]
        }
      ]
    },
    {
      "mode": "managed",
      "type": "dynamic_awx_inventory",
      "name": "inv",
      "provider": "provider[\"registry.terraform.io/hashi-demo-lab/dynamic\"]",
      "instances": [
        {
          "schema_version": 0,
          "attributes": {
            "description": "fresh agentprovider build inventory via terraform",
            "host_filter": null,
            "id": "157",
            "kind": "",
            "name": "apeval-fresh-inv-tf",
            "organization": 117,
            "prevent_instance_group_fallback": false,
            "variables": ""
          },
          "sensitive_attributes": [],
          "identity_schema_version": 0,
          "dependencies": [
            "dynamic_awx_organization.org"
          ]
        }
      ]
    },
    {
      "mode": "managed",
      "type": "dynamic_awx_job_template",
      "name": "jt",
      "provider": "provider[\"registry.terraform.io/hashi-demo-lab/dynamic\"]",
      "instances": [
        {
          "schema_version": 0,
          "attributes": {
            "allow_simultaneous": false,
            "ask_credential_on_launch": false,
            "ask_diff_mode_on_launch": false,
            "ask_execution_environment_on_launch": false,
            "ask_forks_on_launch": false,
            "ask_instance_groups_on_launch": false,
            "ask_inventory_on_launch": false,
            "ask_job_slice_count_on_launch": false,
            "ask_job_type_on_launch": false,
            "ask_labels_on_launch": false,
            "ask_limit_on_launch": false,
            "ask_scm_branch_on_launch": false,
            "ask_skip_tags_on_launch": false,
            "ask_tags_on_launch": false,
            "ask_timeout_on_launch": false,
            "ask_variables_on_launch": false,
            "ask_verbosity_on_launch": false,
            "become_enabled": false,
            "description": "",
            "diff_mode": false,
            "execution_environment": null,
            "extra_vars": "",
            "force_handlers": false,
            "forks": 0,
            "host_config_key": "",
            "id": 114,
            "inventory": 157,
            "job_slice_count": 1,
            "job_tags": "",
            "job_type": "run",
            "limit": "",
            "name": "apeval-fresh-jt-tf",
            "playbook": "hello_world.yml",
            "prevent_instance_group_fallback": false,
            "project": 6,
            "scm_branch": "",
            "skip_tags": "",
            "start_at_task": "",
            "survey_enabled": false,
            "timeout": 0,
            "use_fact_cache": false,
            "verbosity": 0,
            "webhook_credential": null,
            "webhook_service": ""
          },
          "sensitive_attributes": [],
          "identity_schema_version": 0,
          "dependencies": [
            "dynamic_awx_inventory.inv",
            "dynamic_awx_organization.org"
          ]
        }
      ]
    },
    {
      "mode": "managed",
      "type": "dynamic_awx_organization",
      "name": "org",
      "provider": "provider[\"registry.terraform.io/hashi-demo-lab/dynamic\"]",
      "instances": [
        {
          "schema_version": 0,
          "attributes": {
            "default_environment": null,
            "description": "fresh agentprovider build org via terraform",
            "id": 117,
            "max_hosts": 0,
            "name": "apeval-fresh-org-tf"
          },
          "sensitive_attributes": [],
          "identity_schema_version": 0
        }
      ]
    }
  ],
  "check_results": null
}
