{
  "version": 4,
  "terraform_version": "1.15.5",
  "serial": 5,
  "lineage": "672c9256-1c68-e630-1ddb-873cf8d9ebe0",
  "outputs": {
    "existing_jt_url": {
      "value": "/api/v2/job_templates/7/",
      "type": "string"
    },
    "host_id": {
      "value": "203",
      "type": "string"
    },
    "inventory_id": {
      "value": "293",
      "type": "string"
    },
    "job_template_id": {
      "value": "334",
      "type": "string"
    },
    "org_id": {
      "value": "305",
      "type": "string"
    }
  },
  "resources": [
    {
      "mode": "data",
      "type": "dynamic_aap_job_template_ds",
      "name": "existing",
      "provider": "provider[\"registry.terraform.io/hashi-demo-lab/dynamic\"]",
      "instances": [
        {
          "schema_version": 0,
          "attributes": {
            "allow_simultaneous": false,
            "ask_credential_on_launch": false,
            "ask_diff_mode_on_launch": false,
            "ask_execution_environment_on_launch": false,
            "ask_forks_on_launch": false,
            "ask_instance_groups_on_launch": false,
            "ask_inventory_on_launch": false,
            "ask_job_slice_count_on_launch": false,
            "ask_job_type_on_launch": false,
            "ask_labels_on_launch": false,
            "ask_limit_on_launch": false,
            "ask_scm_branch_on_launch": false,
            "ask_skip_tags_on_launch": false,
            "ask_tags_on_launch": false,
            "ask_timeout_on_launch": false,
            "ask_variables_on_launch": false,
            "ask_verbosity_on_launch": false,
            "become_enabled": false,
            "created": "2026-05-24T00:55:06.979246Z",
            "custom_virtualenv": null,
            "description": "",
            "diff_mode": false,
            "execution_environment": null,
            "extra_vars": "",
            "force_handlers": false,
            "forks": 0,
            "host_config_key": "",
            "id": 7,
            "inventory": 1,
            "job_slice_count": 1,
            "job_tags": "",
            "job_type": "run",
            "last_job_failed": false,
            "last_job_run": "2026-06-01T00:56:00.605492Z",
            "limit": "",
            "modified": "2026-05-24T00:55:06.979254Z",
            "name": "Demo Job Template",
            "next_job_run": null,
            "organization": 1,
            "playbook": "hello_world.yml",
            "prevent_instance_group_fallback": false,
            "project": 6,
            "scm_branch": "",
            "skip_tags": "",
            "start_at_task": "",
            "status": "successful",
            "survey_enabled": false,
            "timeout": 0,
            "type": "job_template",
            "url": "/api/v2/job_templates/7/",
            "use_fact_cache": false,
            "verbosity": 0,
            "webhook_credential": null,
            "webhook_service": ""
          },
          "sensitive_attributes": [],
          "identity_schema_version": 0
        }
      ]
    },
    {
      "mode": "managed",
      "type": "dynamic_aap_host",
      "name": "host",
      "provider": "provider[\"registry.terraform.io/hashi-demo-lab/dynamic\"]",
      "instances": [
        {
          "schema_version": 0,
          "attributes": {
            "ansible_facts_modified": null,
            "created": "2026-06-01T00:58:48.869600Z",
            "description": "",
            "enabled": true,
            "groups": null,
            "has_active_failures": false,
            "has_inventory_sources": false,
            "id": "203",
            "instance_id": "",
            "inventory": 293,
            "last_job": null,
            "last_job_host_summary": null,
            "modified": "2026-06-01T00:58:48.869607Z",
            "name": "apeval-r7-105114-tf-host",
            "type": "host",
            "url": "/api/v2/hosts/203/",
            "variables": ""
          },
          "sensitive_attributes": [],
          "identity_schema_version": 0,
          "dependencies": [
            "dynamic_aap_inventory.inv",
            "dynamic_aap_organization.org"
          ]
        }
      ]
    },
    {
      "mode": "managed",
      "type": "dynamic_aap_inventory",
      "name": "inv",
      "provider": "provider[\"registry.terraform.io/hashi-demo-lab/dynamic\"]",
      "instances": [
        {
          "schema_version": 0,
          "attributes": {
            "created": "2026-06-01T00:58:48.548363Z",
            "description": "apeval-r7-105114 eval inventory",
            "has_active_failures": false,
            "has_inventory_sources": false,
            "host_filter": null,
            "hosts_with_active_failures": 0,
            "id": "293",
            "inventory_sources_with_failures": 0,
            "kind": "",
            "modified": "2026-06-01T00:58:48.548373Z",
            "name": "apeval-r7-105114-tf-inv",
            "organization": 305,
            "pending_deletion": false,
            "prevent_instance_group_fallback": false,
            "total_groups": 0,
            "total_hosts": 0,
            "total_inventory_sources": 0,
            "type": "inventory",
            "url": "/api/v2/inventories/293/",
            "variables": ""
          },
          "sensitive_attributes": [],
          "identity_schema_version": 0,
          "dependencies": [
            "dynamic_aap_organization.org"
          ]
        }
      ]
    },
    {
      "mode": "managed",
      "type": "dynamic_aap_job_template",
      "name": "jt",
      "provider": "provider[\"registry.terraform.io/hashi-demo-lab/dynamic\"]",
      "instances": [
        {
          "schema_version": 0,
          "attributes": {
            "allow_simultaneous": false,
            "ask_credential_on_launch": false,
            "ask_diff_mode_on_launch": false,
            "ask_execution_environment_on_launch": false,
            "ask_forks_on_launch": false,
            "ask_instance_groups_on_launch": false,
            "ask_inventory_on_launch": false,
            "ask_job_slice_count_on_launch": false,
            "ask_job_type_on_launch": false,
            "ask_labels_on_launch": false,
            "ask_limit_on_launch": false,
            "ask_scm_branch_on_launch": false,
            "ask_skip_tags_on_launch": false,
            "ask_tags_on_launch": false,
            "ask_timeout_on_launch": false,
            "ask_variables_on_launch": false,
            "ask_verbosity_on_launch": false,
            "become_enabled": false,
            "created": "2026-06-01T00:58:48.874135Z",
            "custom_virtualenv": null,
            "description": "",
            "diff_mode": false,
            "execution_environment": null,
            "extra_vars": "",
            "force_handlers": false,
            "forks": 0,
            "host_config_key": "",
            "id": "334",
            "inventory": 293,
            "job_slice_count": 1,
            "job_tags": "",
            "job_type": "run",
            "last_job_failed": false,
            "last_job_run": null,
            "limit": "",
            "modified": "2026-06-01T00:58:48.874142Z",
            "name": "apeval-r7-105114-tf-jt",
            "next_job_run": null,
            "organization": 1,
            "playbook": "hello_world.yml",
            "prevent_instance_group_fallback": false,
            "project": 6,
            "scm_branch": "",
            "skip_tags": "",
            "start_at_task": "",
            "status": "never updated",
            "survey_enabled": false,
            "timeout": 0,
            "type": "job_template",
            "url": "/api/v2/job_templates/334/",
            "use_fact_cache": false,
            "verbosity": 0,
            "webhook_credential": null,
            "webhook_service": ""
          },
          "sensitive_attributes": [],
          "identity_schema_version": 0,
          "dependencies": [
            "dynamic_aap_inventory.inv",
            "dynamic_aap_organization.org"
          ]
        }
      ]
    },
    {
      "mode": "managed",
      "type": "dynamic_aap_organization",
      "name": "org",
      "provider": "provider[\"registry.terraform.io/hashi-demo-lab/dynamic\"]",
      "instances": [
        {
          "schema_version": 0,
          "attributes": {
            "created": "2026-06-01T00:58:48.166710Z",
            "custom_virtualenv": null,
            "default_environment": null,
            "description": "apeval-r7-105114 eval org",
            "id": "305",
            "max_hosts": 0,
            "modified": "2026-06-01T00:58:48.166719Z",
            "name": "apeval-r7-105114-tf-org",
            "type": "organization",
            "url": "/api/v2/organizations/305/"
          },
          "sensitive_attributes": [],
          "identity_schema_version": 0
        }
      ]
    }
  ],
  "check_results": null
}
