{
  "version": 4,
  "terraform_version": "1.15.5",
  "serial": 8,
  "lineage": "57e37bc3-6c27-3279-1436-9cf2b376c3bb",
  "outputs": {},
  "resources": [
    {
      "mode": "managed",
      "type": "dynamic_aap_host",
      "name": "localhost",
      "provider": "provider[\"registry.terraform.io/hashi-demo-lab/dynamic\"]",
      "instances": [
        {
          "schema_version": 0,
          "attributes": {
            "description": "",
            "enabled": true,
            "id": "143",
            "instance_id": "",
            "inventory": 195,
            "name": "localhost",
            "variables": "{\"ansible_connection\":\"local\"}"
          },
          "sensitive_attributes": [],
          "identity_schema_version": 0,
          "dependencies": [
            "dynamic_aap_inventory.demo",
            "dynamic_aap_organization.demo"
          ]
        }
      ]
    },
    {
      "mode": "managed",
      "type": "dynamic_aap_inventory",
      "name": "demo",
      "provider": "provider[\"registry.terraform.io/hashi-demo-lab/dynamic\"]",
      "instances": [
        {
          "schema_version": 0,
          "attributes": {
            "description": "round-3 eval inventory",
            "host_filter": null,
            "id": "195",
            "kind": "",
            "name": "apr3-tf-inv",
            "organization": 160,
            "prevent_instance_group_fallback": false,
            "variables": ""
          },
          "sensitive_attributes": [],
          "identity_schema_version": 0,
          "dependencies": [
            "dynamic_aap_organization.demo"
          ]
        }
      ]
    },
    {
      "mode": "managed",
      "type": "dynamic_aap_job_template",
      "name": "demo",
      "provider": "provider[\"registry.terraform.io/hashi-demo-lab/dynamic\"]",
      "instances": [
        {
          "schema_version": 0,
          "attributes": {
            "allow_simultaneous": false,
            "ask_credential_on_launch": false,
            "ask_diff_mode_on_launch": false,
            "ask_execution_environment_on_launch": false,
            "ask_forks_on_launch": false,
            "ask_instance_groups_on_launch": false,
            "ask_inventory_on_launch": false,
            "ask_job_slice_count_on_launch": false,
            "ask_job_type_on_launch": false,
            "ask_labels_on_launch": false,
            "ask_limit_on_launch": false,
            "ask_scm_branch_on_launch": false,
            "ask_skip_tags_on_launch": false,
            "ask_tags_on_launch": false,
            "ask_timeout_on_launch": false,
            "ask_variables_on_launch": false,
            "ask_verbosity_on_launch": false,
            "become_enabled": false,
            "description": "",
            "diff_mode": false,
            "execution_environment": null,
            "extra_vars": "",
            "force_handlers": false,
            "forks": 0,
            "host_config_key": "",
            "id": "184",
            "inventory": 195,
            "job_slice_count": 1,
            "job_tags": "",
            "job_type": "run",
            "limit": "",
            "name": "apr3-tf-jt",
            "playbook": "hello_world.yml",
            "prevent_instance_group_fallback": false,
            "project": 6,
            "scm_branch": "",
            "skip_tags": "",
            "start_at_task": "",
            "survey_enabled": false,
            "timeout": 0,
            "use_fact_cache": false,
            "verbosity": 0,
            "webhook_credential": null,
            "webhook_service": ""
          },
          "sensitive_attributes": [],
          "identity_schema_version": 0,
          "dependencies": [
            "dynamic_aap_inventory.demo",
            "dynamic_aap_organization.demo"
          ]
        }
      ]
    },
    {
      "mode": "managed",
      "type": "dynamic_aap_organization",
      "name": "demo",
      "provider": "provider[\"registry.terraform.io/hashi-demo-lab/dynamic\"]",
      "instances": [
        {
          "schema_version": 0,
          "attributes": {
            "default_environment": null,
            "description": "round-3 eval org",
            "id": "160",
            "max_hosts": 0,
            "name": "apr3-tf-org"
          },
          "sensitive_attributes": [],
          "identity_schema_version": 0
        }
      ]
    }
  ],
  "check_results": null
}
